// !$*UTF8*$!
{
	archiveVersion = 1;
	classes = {
	};
	objectVersion = 50;
	objects = {

/* Begin PBXBuildFile section */
		63FD73732200A6EC00D71C6E /* AppDelegate.swift in Sources */ = {isa = PBXBuildFile; fileRef = 63FD73722200A6EC00D71C6E /* AppDelegate.swift */; };
		63FD73782200A6EC00D71C6E /* Main.storyboard in Resources */ = {isa = PBXBuildFile; fileRef = 63FD73762200A6EC00D71C6E /* Main.storyboard */; };
		63FD737A2200A6ED00D71C6E /* Assets.xcassets in Resources */ = {isa = PBXBuildFile; fileRef = 63FD73792200A6ED00D71C6E /* Assets.xcassets */; };
		63FD737D2200A6ED00D71C6E /* LaunchScreen.storyboard in Resources */ = {isa = PBXBuildFile; fileRef = 63FD737B2200A6ED00D71C6E /* LaunchScreen.storyboard */; };
		63FD738B220DD3DE00D71C6E /* Question.swift in Sources */ = {isa = PBXBuildFile; fileRef = 63FD738A220DD3DE00D71C6E /* Question.swift */; };
		63FD738D220DD9B700D71C6E /* WellcomeViewController.swift in Sources */ = {isa = PBXBuildFile; fileRef = 63FD738C220DD9B700D71C6E /* WellcomeViewController.swift */; };
		63FD738F220DD9C900D71C6E /* QuestionViewController.swift in Sources */ = {isa = PBXBuildFile; fileRef = 63FD738E220DD9C900D71C6E /* QuestionViewController.swift */; };
		63FD7391220DD9DC00D71C6E /* ResultViewController.swift in Sources */ = {isa = PBXBuildFile; fileRef = 63FD7390220DD9DC00D71C6E /* ResultViewController.swift */; };
		63FD739322108CBD00D71C6E /* .gitignore in Resources */ = {isa = PBXBuildFile; fileRef = 63FD739222108CBD00D71C6E /* .gitignore */; };
/* End PBXBuildFile section */

/* Begin PBXFileReference section */
		63FD736F2200A6EC00D71C6E /* New Quiz Update.app */ = {isa = PBXFileReference; explicitFileType = wrapper.application; includeInIndex = 0; path = "New Quiz Update.app"; sourceTree = BUILT_PRODUCTS_DIR; };
		63FD73722200A6EC00D71C6E /* AppDelegate.swift */ = {isa = PBXFileReference; lastKnownFileType = sourcecode.swift; path = AppDelegate.swift; sourceTree = "<group>"; };
		63FD73772200A6EC00D71C6E /* Base */ = {isa = PBXFileReference; lastKnownFileType = file.storyboard; name = Base; path = Base.lproj/Main.storyboard; sourceTree = "<group>"; };
		63FD73792200A6ED00D71C6E /* Assets.xcassets */ = {isa = PBXFileReference; lastKnownFileType = folder.assetcatalog; path = Assets.xcassets; sourceTree = "<group>"; };
		63FD737C2200A6ED00D71C6E /* Base */ = {isa = PBXFileReference; lastKnownFileType = file.storyboard; name = Base; path = Base.lproj/LaunchScreen.storyboard; sourceTree = "<group>"; };
		63FD737E2200A6ED00D71C6E /* Info.plist */ = {isa = PBXFileReference; lastKnownFileType = text.plist.xml; path = Info.plist; sourceTree = "<group>"; };
		63FD738A220DD3DE00D71C6E /* Question.swift */ = {isa = PBXFileReference; lastKnownFileType = sourcecode.swift; path = Question.swift; sourceTree = "<group>"; };
		63FD738C220DD9B700D71C6E /* WellcomeViewController.swift */ = {isa = PBXFileReference; lastKnownFileType = sourcecode.swift; path = WellcomeViewController.swift; sourceTree = "<group>"; };
		63FD738E220DD9C900D71C6E /* QuestionViewController.swift */ = {isa = PBXFileReference; lastKnownFileType = sourcecode.swift; path = QuestionViewController.swift; sourceTree = "<group>"; };
		63FD7390220DD9DC00D71C6E /* ResultViewController.swift */ = {isa = PBXFileReference; lastKnownFileType = sourcecode.swift; path = ResultViewController.swift; sourceTree = "<group>"; };
		63FD739222108CBD00D71C6E /* .gitignore */ = {isa = PBXFileReference; lastKnownFileType = text; path = .gitignore; sourceTree = "<group>"; };
/* End PBXFileReference section */

/* Begin PBXFrameworksBuildPhase section */
		63FD736C2200A6EC00D71C6E /* Frameworks */ = {
			isa = PBXFrameworksBuildPhase;
			buildActionMask = 2147483647;
			files = (
			);
			runOnlyForDeploymentPostprocessing = 0;
		};
/* End PBXFrameworksBuildPhase section */

/* Begin PBXGroup section */
		63FD73662200A6EC00D71C6E = {
			isa = PBXGroup;
			children = (
				63FD73712200A6EC00D71C6E /* New Quiz Update */,
				63FD73702200A6EC00D71C6E /* Products */,
			);
			sourceTree = "<group>";
		};
		63FD73702200A6EC00D71C6E /* Products */ = {
			isa = PBXGroup;
			children = (
				63FD736F2200A6EC00D71C6E /* New Quiz Update.app */,
			);
			name = Products;
			sourceTree = "<group>";
		};
		63FD73712200A6EC00D71C6E /* New Quiz Update */ = {
			isa = PBXGroup;
			children = (
				63FD7386220DD37500D71C6E /* Model */,
				63FD7387220DD37F00D71C6E /* View */,
				63FD7389220DD3AA00D71C6E /* Controllers */,
				63FD73722200A6EC00D71C6E /* AppDelegate.swift */,
				63FD73792200A6ED00D71C6E /* Assets.xcassets */,
				63FD737B2200A6ED00D71C6E /* LaunchScreen.storyboard */,
				63FD737E2200A6ED00D71C6E /* Info.plist */,
				63FD739222108CBD00D71C6E /* .gitignore */,
			);
			path = "New Quiz Update";
			sourceTree = "<group>";
		};
		63FD7386220DD37500D71C6E /* Model */ = {
			isa = PBXGroup;
			children = (
				63FD738A220DD3DE00D71C6E /* Question.swift */,
			);
			path = Model;
			sourceTree = "<group>";
		};
		63FD7387220DD37F00D71C6E /* View */ = {
			isa = PBXGroup;
			children = (
				63FD73762200A6EC00D71C6E /* Main.storyboard */,
			);
			path = View;
			sourceTree = "<group>";
		};
		63FD7389220DD3AA00D71C6E /* Controllers */ = {
			isa = PBXGroup;
			children = (
				63FD738C220DD9B700D71C6E /* WellcomeViewController.swift */,
				63FD738E220DD9C900D71C6E /* QuestionViewController.swift */,
				63FD7390220DD9DC00D71C6E /* ResultViewController.swift */,
			);
			path = Controllers;
			sourceTree = "<group>";
		};
/* End PBXGroup section */

/* Begin PBXNativeTarget section */
		63FD736E2200A6EC00D71C6E /* New Quiz Update */ = {
			isa = PBXNativeTarget;
			buildConfigurationList = 63FD73812200A6ED00D71C6E /* Build configuration list for PBXNativeTarget "New Quiz Update" */;
			buildPhases = (
				63FD736B2200A6EC00D71C6E /* Sources */,
				63FD736C2200A6EC00D71C6E /* Frameworks */,
				63FD736D2200A6EC00D71C6E /* Resources */,
			);
			buildRules = (
			);
			dependencies = (
			);
			name = "New Quiz Update";
			productName = "New Quiz Update";
			productReference = 63FD736F2200A6EC00D71C6E /* New Quiz Update.app */;
			productType = "com.apple.product-type.application";
		};
/* End PBXNativeTarget section */

/* Begin PBXProject section */
		63FD73672200A6EC00D71C6E /* Project object */ = {
			isa = PBXProject;
			attributes = {
				LastSwiftUpdateCheck = 1010;
				LastUpgradeCheck = 1010;
				ORGANIZATIONNAME = "Давид";
				TargetAttributes = {
					63FD736E2200A6EC00D71C6E = {
						CreatedOnToolsVersion = 10.1;
					};
				};
			};
			buildConfigurationList = 63FD736A2200A6EC00D71C6E /* Build configuration list for PBXProject "New Quiz Update" */;
			compatibilityVersion = "Xcode 9.3";
			developmentRegion = en;
			hasScannedForEncodings = 0;
			knownRegions = (
				en,
				Base,
			);
			mainGroup = 63FD73662200A6EC00D71C6E;
			productRefGroup = 63FD73702200A6EC00D71C6E /* Products */;
			projectDirPath = "";
			projectRoot = "";
			targets = (
				63FD736E2200A6EC00D71C6E /* New Quiz Update */,
			);
		};
/* End PBXProject section */

/* Begin PBXResourcesBuildPhase section */
		63FD736D2200A6EC00D71C6E /* Resources */ = {
			isa = PBXResourcesBuildPhase;
			buildActionMask = 2147483647;
			files = (
				63FD739322108CBD00D71C6E /* .gitignore in Resources */,
				63FD737D2200A6ED00D71C6E /* LaunchScreen.storyboard in Resources */,
				63FD737A2200A6ED00D71C6E /* Assets.xcassets in Resources */,
				63FD73782200A6EC00D71C6E /* Main.storyboard in Resources */,
			);
			runOnlyForDeploymentPostprocessing = 0;
		};
/* End PBXResourcesBuildPhase section */

/* Begin PBXSourcesBuildPhase section */
		63FD736B2200A6EC00D71C6E /* Sources */ = {
			isa = PBXSourcesBuildPhase;
			buildActionMask = 2147483647;
			files = (
				63FD7391220DD9DC00D71C6E /* ResultViewController.swift in Sources */,
				63FD73732200A6EC00D71C6E /* AppDelegate.swift in Sources */,
				63FD738D220DD9B700D71C6E /* WellcomeViewController.swift in Sources */,
				63FD738F220DD9C900D71C6E /* QuestionViewController.swift in Sources */,
				63FD738B220DD3DE00D71C6E /* Question.swift in Sources */,
			);
			runOnlyForDeploymentPostprocessing = 0;
		};
/* End PBXSourcesBuildPhase section */

/* Begin PBXVariantGroup section */
		63FD73762200A6EC00D71C6E /* Main.storyboard */ = {
			isa = PBXVariantGroup;
			children = (
				63FD73772200A6EC00D71C6E /* Base */,
			);
			name = Main.storyboard;
			sourceTree = "<group>";
		};
		63FD737B2200A6ED00D71C6E /* LaunchScreen.storyboard */ = {
			isa = PBXVariantGroup;
			children = (
				63FD737C2200A6ED00D71C6E /* Base */,
			);
			name = LaunchScreen.storyboard;
			sourceTree = "<group>";
		};
/* End PBXVariantGroup section */

/* Begin XCBuildConfiguration section */
		63FD737F2200A6ED00D71C6E /* Debug */ = {
			isa = XCBuildConfiguration;
			buildSettings = {
				ALWAYS_SEARCH_USER_PATHS = NO;
				CLANG_ANALYZER_NONNULL = YES;
				CLANG_ANALYZER_NUMBER_OBJECT_CONVERSION = YES_AGGRESSIVE;
				CLANG_CXX_LANGUAGE_STANDARD = "gnu++14";
				CLANG_CXX_LIBRARY = "libc++";
				CLANG_ENABLE_MODULES = YES;
				CLANG_ENABLE_OBJC_ARC = YES;
				CLANG_ENABLE_OBJC_WEAK = YES;
				CLANG_WARN_BLOCK_CAPTURE_AUTORELEASING = YES;
				CLANG_WARN_BOOL_CONVERSION = YES;
				CLANG_WARN_COMMA = YES;
				CLANG_WARN_CONSTANT_CONVERSION = YES;
				CLANG_WARN_DEPRECATED_OBJC_IMPLEMENTATIONS = YES;
				CLANG_WARN_DIRECT_OBJC_ISA_USAGE = YES_ERROR;
				CLANG_WARN_DOCUMENTATION_COMMENTS = YES;
				CLANG_WARN_EMPTY_BODY = YES;
				CLANG_WARN_ENUM_CONVERSION = YES;
				CLANG_WARN_INFINITE_RECURSION = YES;
				CLANG_WARN_INT_CONVERSION = YES;
				CLANG_WARN_NON_LITERAL_NULL_CONVERSION = YES;
				CLANG_WARN_OBJC_IMPLICIT_RETAIN_SELF = YES;
				CLANG_WARN_OBJC_LITERAL_CONVERSION = YES;
				CLANG_WARN_OBJC_ROOT_CLASS = YES_ERROR;
				CLANG_WARN_RANGE_LOOP_ANALYSIS = YES;
				CLANG_WARN_STRICT_PROTOTYPES = YES;
				CLANG_WARN_SUSPICIOUS_MOVE = YES;
				CLANG_WARN_UNGUARDED_AVAILABILITY = YES_AGGRESSIVE;
				CLANG_WARN_UNREACHABLE_CODE = YES;
				CLANG_WARN__DUPLICATE_METHOD_MATCH = YES;
				CODE_SIGN_IDENTITY = "iPhone Developer";
				COPY_PHASE_STRIP = NO;
				DEBUG_INFORMATION_FORMAT = dwarf;
				ENABLE_STRICT_OBJC_MSGSEND = YES;
				ENABLE_TESTABILITY = YES;
				GCC_C_LANGUAGE_STANDARD = gnu11;
				GCC_DYNAMIC_NO_PIC = NO;
				GCC_NO_COMMON_BLOCKS = YES;
				GCC_OPTIMIZATION_LEVEL = 0;
				GCC_PREPROCESSOR_DEFINITIONS = (
					"DEBUG=1",
					"$(inherited)",
				);
				GCC_WARN_64_TO_32_BIT_CONVERSION = YES;
				GCC_WARN_ABOUT_RETURN_TYPE = YES_ERROR;
				GCC_WARN_UNDECLARED_SELECTOR = YES;
				GCC_WARN_UNINITIALIZED_AUTOS = YES_AGGRESSIVE;
				GCC_WARN_UNUSED_FUNCTION = YES;
				GCC_WARN_UNUSED_VARIABLE = YES;
				IPHONEOS_DEPLOYMENT_TARGET = 12.1;
				MTL_ENABLE_DEBUG_INFO = INCLUDE_SOURCE;
				MTL_FAST_MATH = YES;
				ONLY_ACTIVE_ARCH = YES;
				SDKROOT = iphoneos;
				SWIFT_ACTIVE_COMPILATION_CONDITIONS = DEBUG;
				SWIFT_OPTIMIZATION_LEVEL = "-Onone";
			};
			name = Debug;
		};
		63FD73802200A6ED00D71C6E /* Release */ = {
			isa = XCBuildConfiguration;
			buildSettings = {
				ALWAYS_SEARCH_USER_PATHS = NO;
				CLANG_ANALYZER_NONNULL = YES;
				CLANG_ANALYZER_NUMBER_OBJECT_CONVERSION = YES_AGGRESSIVE;
				CLANG_CXX_LANGUAGE_STANDARD = "gnu++14";
				CLANG_CXX_LIBRARY = "libc++";
				CLANG_ENABLE_MODULES = YES;
				CLANG_ENABLE_OBJC_ARC = YES;
				CLANG_ENABLE_OBJC_WEAK = YES;
				CLANG_WARN_BLOCK_CAPTURE_AUTORELEASING = YES;
				CLANG_WARN_BOOL_CONVERSION = YES;
				CLANG_WARN_COMMA = YES;
				CLANG_WARN_CONSTANT_CONVERSION = YES;
				CLANG_WARN_DEPRECATED_OBJC_IMPLEMENTATIONS = YES;
				CLANG_WARN_DIRECT_OBJC_ISA_USAGE = YES_ERROR;
				CLANG_WARN_DOCUMENTATION_COMMENTS = YES;
				CLANG_WARN_EMPTY_BODY = YES;
				CLANG_WARN_ENUM_CONVERSION = YES;
				CLANG_WARN_INFINITE_RECURSION = YES;
				CLANG_WARN_INT_CONVERSION = YES;
				CLANG_WARN_NON_LITERAL_NULL_CONVERSION = YES;
				CLANG_WARN_OBJC_IMPLICIT_RETAIN_SELF = YES;
				CLANG_WARN_OBJC_LITERAL_CONVERSION = YES;
				CLANG_WARN_OBJC_ROOT_CLASS = YES_ERROR;
				CLANG_WARN_RANGE_LOOP_ANALYSIS = YES;
				CLANG_WARN_STRICT_PROTOTYPES = YES;
				CLANG_WARN_SUSPICIOUS_MOVE = YES;
				CLANG_WARN_UNGUARDED_AVAILABILITY = YES_AGGRESSIVE;
				CLANG_WARN_UNREACHABLE_CODE = YES;
				CLANG_WARN__DUPLICATE_METHOD_MATCH = YES;
				CODE_SIGN_IDENTITY = "iPhone Developer";
				COPY_PHASE_STRIP = NO;
				DEBUG_INFORMATION_FORMAT = "dwarf-with-dsym";
				ENABLE_NS_ASSERTIONS = NO;
				ENABLE_STRICT_OBJC_MSGSEND = YES;
				GCC_C_LANGUAGE_STANDARD = gnu11;
				GCC_NO_COMMON_BLOCKS = YES;
				GCC_WARN_64_TO_32_BIT_CONVERSION = YES;
				GCC_WARN_ABOUT_RETURN_TYPE = YES_ERROR;
				GCC_WARN_UNDECLARED_SELECTOR = YES;
				GCC_WARN_UNINITIALIZED_AUTOS = YES_AGGRESSIVE;
				GCC_WARN_UNUSED_FUNCTION = YES;
				GCC_WARN_UNUSED_VARIABLE = YES;
				IPHONEOS_DEPLOYMENT_TARGET = 12.1;
				MTL_ENABLE_DEBUG_INFO = NO;
				MTL_FAST_MATH = YES;
				SDKROOT = iphoneos;
				SWIFT_COMPILATION_MODE = wholemodule;
				SWIFT_OPTIMIZATION_LEVEL = "-O";
				VALIDATE_PRODUCT = YES;
			};
			name = Release;
		};
		63FD73822200A6ED00D71C6E /* Debug */ = {
			isa = XCBuildConfiguration;
			buildSettings = {
				ASSETCATALOG_COMPILER_APPICON_NAME = AppIcon;
				CODE_SIGN_STYLE = Automatic;
				INFOPLIST_FILE = "New Quiz Update/Info.plist";
				LD_RUNPATH_SEARCH_PATHS = (
					"$(inherited)",
					"@executable_path/Frameworks",
				);
				PRODUCT_BUNDLE_IDENTIFIER = "david.New-Quiz-Update";
				PRODUCT_NAME = "$(TARGET_NAME)";
				SWIFT_VERSION = 4.2;
				TARGETED_DEVICE_FAMILY = "1,2";
			};
			name = Debug;
		};
		63FD73832200A6ED00D71C6E /* Release */ = {
			isa = XCBuildConfiguration;
			buildSettings = {
				ASSETCATALOG_COMPILER_APPICON_NAME = AppIcon;
				CODE_SIGN_STYLE = Automatic;
				INFOPLIST_FILE = "New Quiz Update/Info.plist";
				LD_RUNPATH_SEARCH_PATHS = (
					"$(inherited)",
					"@executable_path/Frameworks",
				);
				PRODUCT_BUNDLE_IDENTIFIER = "david.New-Quiz-Update";
				PRODUCT_NAME = "$(TARGET_NAME)";
				SWIFT_VERSION = 4.2;
				TARGETED_DEVICE_FAMILY = "1,2";
			};
			name = Release;
		};
/* End XCBuildConfiguration section */

/* Begin XCConfigurationList section */
		63FD736A2200A6EC00D71C6E /* Build configuration list for PBXProject "New Quiz Update" */ = {
			isa = XCConfigurationList;
			buildConfigurations = (
				63FD737F2200A6ED00D71C6E /* Debug */,
				63FD73802200A6ED00D71C6E /* Release */,
			);
			defaultConfigurationIsVisible = 0;
			defaultConfigurationName = Release;
		};
		63FD73812200A6ED00D71C6E /* Build configuration list for PBXNativeTarget "New Quiz Update" */ = {
			isa = XCConfigurationList;
			buildConfigurations = (
				63FD73822200A6ED00D71C6E /* Debug */,
				63FD73832200A6ED00D71C6E /* Release */,
			);
			defaultConfigurationIsVisible = 0;
			defaultConfigurationName = Release;
		};
/* End XCConfigurationList section */
	};
	rootObject = 63FD73672200A6EC00D71C6E /* Project object */;
}
